
Microsoft Visual Studio Solution File, Format Version 12.00
# Visual Studio Version 17
VisualStudioVersion = 17.0.31903.59
MinimumVisualStudioVersion = 10.0.40219.1
Project("{8BC9CEB8-8B4A-11D0-8D11-00A0C91BC942}") = "All", "VisualStudio\All.vcxproj", "{BD0914E5-DE40-4CB3-913B-077B97307F29}"
	ProjectSection(ProjectDependencies) = postProject
		{6BD7E43A-9F15-405F-B232-545F5C50F0FA} = {6BD7E43A-9F15-405F-B232-545F5C50F0FA}
		{1E3DC445-B328-491C-98D8-50C7F85C24A4} = {1E3DC445-B328-491C-98D8-50C7F85C24A4}
		{1D94E4A4-D645-48FD-BAF6-AC711C70F396} = {1D94E4A4-D645-48FD-BAF6-AC711C70F396}
		{BA6B1CC6-51DA-41D9-B26A-4B5449112BDA} = {BA6B1CC6-51DA-41D9-B26A-4B5449112BDA}
		{69EA30FC-E07D-46AD-AA31-5D405318896F} = {69EA30FC-E07D-46AD-AA31-5D405318896F}
	EndProjectSection
EndProject
Project("{8BC9CEB8-8B4A-11D0-8D11-00A0C91BC942}") = "Unit-Tests", "VisualStudio\Unit-Tests.vcxproj", "{1E3DC445-B328-491C-98D8-50C7F85C24A4}"
EndProject
Project("{8BC9CEB8-8B4A-11D0-8D11-00A0C91BC942}") = "dlib DLL VC142", "VisualStudio\dlib DLL VC142.vcxproj", "{69EA30FC-E07D-46AD-AA31-5D405318896F}"
EndProject
Project("{8BC9CEB8-8B4A-11D0-8D11-00A0C91BC942}") = "dlib Static VC142", "VisualStudio\dlib Static VC142.vcxproj", "{1D94E4A4-D645-48FD-BAF6-AC711C70F396}"
EndProject
Project("{8BC9CEB8-8B4A-11D0-8D11-00A0C91BC942}") = "dlib DLL VC142 XP", "VisualStudio\dlib DLL VC143.vcxproj", "{6BD7E43A-9F15-405F-B232-545F5C50F0FA}"
EndProject
Project("{8BC9CEB8-8B4A-11D0-8D11-00A0C91BC942}") = "dlib Static VC142 XP", "VisualStudio\dlib Static VC143.vcxproj", "{BA6B1CC6-51DA-41D9-B26A-4B5449112BDA}"
EndProject
Global
	GlobalSection(SolutionConfigurationPlatforms) = preSolution
		Debug|x64 = Debug|x64
		Debug|x86 = Debug|x86
		Release|x64 = Release|x64
		Release|x86 = Release|x86
	EndGlobalSection
	GlobalSection(ProjectConfigurationPlatforms) = postSolution
		{BD0914E5-DE40-4CB3-913B-077B97307F29}.Debug|x64.ActiveCfg = Debug|x64
		{BD0914E5-DE40-4CB3-913B-077B97307F29}.Debug|x64.Build.0 = Debug|x64
		{BD0914E5-DE40-4CB3-913B-077B97307F29}.Debug|x86.ActiveCfg = Debug|Win32
		{BD0914E5-DE40-4CB3-913B-077B97307F29}.Debug|x86.Build.0 = Debug|Win32
		{BD0914E5-DE40-4CB3-913B-077B97307F29}.Release|x64.ActiveCfg = Release|x64
		{BD0914E5-DE40-4CB3-913B-077B97307F29}.Release|x64.Build.0 = Release|x64
		{BD0914E5-DE40-4CB3-913B-077B97307F29}.Release|x86.ActiveCfg = Release|Win32
		{BD0914E5-DE40-4CB3-913B-077B97307F29}.Release|x86.Build.0 = Release|Win32
		{1E3DC445-B328-491C-98D8-50C7F85C24A4}.Debug|x64.ActiveCfg = Debug|x64
		{1E3DC445-B328-491C-98D8-50C7F85C24A4}.Debug|x64.Build.0 = Debug|x64
		{1E3DC445-B328-491C-98D8-50C7F85C24A4}.Debug|x86.ActiveCfg = Debug|Win32
		{1E3DC445-B328-491C-98D8-50C7F85C24A4}.Debug|x86.Build.0 = Debug|Win32
		{1E3DC445-B328-491C-98D8-50C7F85C24A4}.Release|x64.ActiveCfg = Release|x64
		{1E3DC445-B328-491C-98D8-50C7F85C24A4}.Release|x64.Build.0 = Release|x64
		{1E3DC445-B328-491C-98D8-50C7F85C24A4}.Release|x86.ActiveCfg = Release|Win32
		{1E3DC445-B328-491C-98D8-50C7F85C24A4}.Release|x86.Build.0 = Release|Win32
		{69EA30FC-E07D-46AD-AA31-5D405318896F}.Debug|x64.ActiveCfg = Debug|x64
		{69EA30FC-E07D-46AD-AA31-5D405318896F}.Debug|x64.Build.0 = Debug|x64
		{69EA30FC-E07D-46AD-AA31-5D405318896F}.Debug|x86.ActiveCfg = Debug|Win32
		{69EA30FC-E07D-46AD-AA31-5D405318896F}.Debug|x86.Build.0 = Debug|Win32
		{69EA30FC-E07D-46AD-AA31-5D405318896F}.Release|x64.ActiveCfg = Release|x64
		{69EA30FC-E07D-46AD-AA31-5D405318896F}.Release|x64.Build.0 = Release|x64
		{69EA30FC-E07D-46AD-AA31-5D405318896F}.Release|x86.ActiveCfg = Release|Win32
		{69EA30FC-E07D-46AD-AA31-5D405318896F}.Release|x86.Build.0 = Release|Win32
		{1D94E4A4-D645-48FD-BAF6-AC711C70F396}.Debug|x64.ActiveCfg = Debug|x64
		{1D94E4A4-D645-48FD-BAF6-AC711C70F396}.Debug|x64.Build.0 = Debug|x64
		{1D94E4A4-D645-48FD-BAF6-AC711C70F396}.Debug|x86.ActiveCfg = Debug|Win32
		{1D94E4A4-D645-48FD-BAF6-AC711C70F396}.Debug|x86.Build.0 = Debug|Win32
		{1D94E4A4-D645-48FD-BAF6-AC711C70F396}.Release|x64.ActiveCfg = Release|x64
		{1D94E4A4-D645-48FD-BAF6-AC711C70F396}.Release|x64.Build.0 = Release|x64
		{1D94E4A4-D645-48FD-BAF6-AC711C70F396}.Release|x86.ActiveCfg = Release|Win32
		{1D94E4A4-D645-48FD-BAF6-AC711C70F396}.Release|x86.Build.0 = Release|Win32
		{6BD7E43A-9F15-405F-B232-545F5C50F0FA}.Debug|x64.ActiveCfg = Debug|x64
		{6BD7E43A-9F15-405F-B232-545F5C50F0FA}.Debug|x64.Build.0 = Debug|x64
		{6BD7E43A-9F15-405F-B232-545F5C50F0FA}.Debug|x86.ActiveCfg = Debug|Win32
		{6BD7E43A-9F15-405F-B232-545F5C50F0FA}.Debug|x86.Build.0 = Debug|Win32
		{6BD7E43A-9F15-405F-B232-545F5C50F0FA}.Release|x64.ActiveCfg = Release|x64
		{6BD7E43A-9F15-405F-B232-545F5C50F0FA}.Release|x64.Build.0 = Release|x64
		{6BD7E43A-9F15-405F-B232-545F5C50F0FA}.Release|x86.ActiveCfg = Release|Win32
		{6BD7E43A-9F15-405F-B232-545F5C50F0FA}.Release|x86.Build.0 = Release|Win32
		{BA6B1CC6-51DA-41D9-B26A-4B5449112BDA}.Debug|x64.ActiveCfg = Debug|x64
		{BA6B1CC6-51DA-41D9-B26A-4B5449112BDA}.Debug|x64.Build.0 = Debug|x64
		{BA6B1CC6-51DA-41D9-B26A-4B5449112BDA}.Debug|x86.ActiveCfg = Debug|Win32
		{BA6B1CC6-51DA-41D9-B26A-4B5449112BDA}.Debug|x86.Build.0 = Debug|Win32
		{BA6B1CC6-51DA-41D9-B26A-4B5449112BDA}.Release|x64.ActiveCfg = Release|x64
		{BA6B1CC6-51DA-41D9-B26A-4B5449112BDA}.Release|x64.Build.0 = Release|x64
		{BA6B1CC6-51DA-41D9-B26A-4B5449112BDA}.Release|x86.ActiveCfg = Release|Win32
		{BA6B1CC6-51DA-41D9-B26A-4B5449112BDA}.Release|x86.Build.0 = Release|Win32
	EndGlobalSection
	GlobalSection(SolutionProperties) = preSolution
		HideSolutionNode = FALSE
	EndGlobalSection
	GlobalSection(ExtensibilityGlobals) = postSolution
		SolutionGuid = {4352A90A-072C-4422-9CFC-8585A4CE6A26}
	EndGlobalSection
EndGlobal
