
Microsoft Visual Studio Solution File, Format Version 12.00
# Visual Studio Version 16
VisualStudioVersion = 16.0.29009.5
MinimumVisualStudioVersion = 10.0.40219.1
Project("{8BC9CEB8-8B4A-11D0-8D11-00A0C91BC942}") = "All", "VisualStudio\All.vcxproj", "{BD0914E5-DE40-4CB3-913B-077B97307F29}"
	ProjectSection(ProjectDependencies) = postProject
		{DF237E1B-ABEA-40F6-8F50-9E81C5383282} = {DF237E1B-ABEA-40F6-8F50-9E81C5383282}
		{1E3DC445-B328-491C-98D8-50C7F85C24A4} = {1E3DC445-B328-491C-98D8-50C7F85C24A4}
		{B40AE694-6B8F-46E0-8107-DA8A91F61557} = {B40AE694-6B8F-46E0-8107-DA8A91F61557}
		{1D94E4A4-D645-48FD-BAF6-AC711C70F396} = {1D94E4A4-D645-48FD-BAF6-AC711C70F396}
		{B8404EA5-E6FC-4C79-8445-B1B268CF03F4} = {B8404EA5-E6FC-4C79-8445-B1B268CF03F4}
		{A97EAAA8-DF35-4266-88DB-F8DF9799FB84} = {A97EAAA8-DF35-4266-88DB-F8DF9799FB84}
		{69EA30FC-E07D-46AD-AA31-5D405318896F} = {69EA30FC-E07D-46AD-AA31-5D405318896F}
	EndProjectSection
EndProject
Project("{8BC9CEB8-8B4A-11D0-8D11-00A0C91BC942}") = "Unit-Tests", "VisualStudio\Unit-Tests.vcxproj", "{1E3DC445-B328-491C-98D8-50C7F85C24A4}"
EndProject
Project("{8BC9CEB8-8B4A-11D0-8D11-00A0C91BC942}") = "dlib DLL VC142", "VisualStudio\dlib DLL VC142.vcxproj", "{69EA30FC-E07D-46AD-AA31-5D405318896F}"
EndProject
Project("{8BC9CEB8-8B4A-11D0-8D11-00A0C91BC942}") = "dlib Static VC142", "VisualStudio\dlib Static VC142.vcxproj", "{1D94E4A4-D645-48FD-BAF6-AC711C70F396}"
EndProject
Project("{8BC9CEB8-8B4A-11D0-8D11-00A0C91BC942}") = "dlib DLL VC140", "VisualStudio\dlib DLL VC140.vcxproj", "{B40AE694-6B8F-46E0-8107-DA8A91F61557}"
EndProject
Project("{8BC9CEB8-8B4A-11D0-8D11-00A0C91BC942}") = "dlib DLL VC141", "VisualStudio\dlib DLL VC141.vcxproj", "{DF237E1B-ABEA-40F6-8F50-9E81C5383282}"
EndProject
Project("{8BC9CEB8-8B4A-11D0-8D11-00A0C91BC942}") = "dlib Static VC140", "VisualStudio\dlib Static VC140.vcxproj", "{B8404EA5-E6FC-4C79-8445-B1B268CF03F4}"
EndProject
Project("{8BC9CEB8-8B4A-11D0-8D11-00A0C91BC942}") = "dlib Static VC141", "VisualStudio\dlib Static VC141.vcxproj", "{A97EAAA8-DF35-4266-88DB-F8DF9799FB84}"
EndProject
Global
	GlobalSection(SolutionConfigurationPlatforms) = preSolution
		Debug|x64 = Debug|x64
		Debug|x86 = Debug|x86
		Release|x64 = Release|x64
		Release|x86 = Release|x86
	EndGlobalSection
	GlobalSection(ProjectConfigurationPlatforms) = postSolution
		{BD0914E5-DE40-4CB3-913B-077B97307F29}.Debug|x64.ActiveCfg = Debug|x64
		{BD0914E5-DE40-4CB3-913B-077B97307F29}.Debug|x64.Build.0 = Debug|x64
		{BD0914E5-DE40-4CB3-913B-077B97307F29}.Debug|x86.ActiveCfg = Debug|Win32
		{BD0914E5-DE40-4CB3-913B-077B97307F29}.Debug|x86.Build.0 = Debug|Win32
		{BD0914E5-DE40-4CB3-913B-077B97307F29}.Release|x64.ActiveCfg = Release|x64
		{BD0914E5-DE40-4CB3-913B-077B97307F29}.Release|x64.Build.0 = Release|x64
		{BD0914E5-DE40-4CB3-913B-077B97307F29}.Release|x86.ActiveCfg = Release|Win32
		{BD0914E5-DE40-4CB3-913B-077B97307F29}.Release|x86.Build.0 = Release|Win32
		{1E3DC445-B328-491C-98D8-50C7F85C24A4}.Debug|x64.ActiveCfg = Debug|x64
		{1E3DC445-B328-491C-98D8-50C7F85C24A4}.Debug|x64.Build.0 = Debug|x64
		{1E3DC445-B328-491C-98D8-50C7F85C24A4}.Debug|x86.ActiveCfg = Debug|Win32
		{1E3DC445-B328-491C-98D8-50C7F85C24A4}.Debug|x86.Build.0 = Debug|Win32
		{1E3DC445-B328-491C-98D8-50C7F85C24A4}.Release|x64.ActiveCfg = Release|x64
		{1E3DC445-B328-491C-98D8-50C7F85C24A4}.Release|x64.Build.0 = Release|x64
		{1E3DC445-B328-491C-98D8-50C7F85C24A4}.Release|x86.ActiveCfg = Release|Win32
		{1E3DC445-B328-491C-98D8-50C7F85C24A4}.Release|x86.Build.0 = Release|Win32
		{69EA30FC-E07D-46AD-AA31-5D405318896F}.Debug|x64.ActiveCfg = Debug|x64
		{69EA30FC-E07D-46AD-AA31-5D405318896F}.Debug|x64.Build.0 = Debug|x64
		{69EA30FC-E07D-46AD-AA31-5D405318896F}.Debug|x86.ActiveCfg = Debug|Win32
		{69EA30FC-E07D-46AD-AA31-5D405318896F}.Debug|x86.Build.0 = Debug|Win32
		{69EA30FC-E07D-46AD-AA31-5D405318896F}.Release|x64.ActiveCfg = Release|x64
		{69EA30FC-E07D-46AD-AA31-5D405318896F}.Release|x64.Build.0 = Release|x64
		{69EA30FC-E07D-46AD-AA31-5D405318896F}.Release|x86.ActiveCfg = Release|Win32
		{69EA30FC-E07D-46AD-AA31-5D405318896F}.Release|x86.Build.0 = Release|Win32
		{1D94E4A4-D645-48FD-BAF6-AC711C70F396}.Debug|x64.ActiveCfg = Debug|x64
		{1D94E4A4-D645-48FD-BAF6-AC711C70F396}.Debug|x64.Build.0 = Debug|x64
		{1D94E4A4-D645-48FD-BAF6-AC711C70F396}.Debug|x86.ActiveCfg = Debug|Win32
		{1D94E4A4-D645-48FD-BAF6-AC711C70F396}.Debug|x86.Build.0 = Debug|Win32
		{1D94E4A4-D645-48FD-BAF6-AC711C70F396}.Release|x64.ActiveCfg = Release|x64
		{1D94E4A4-D645-48FD-BAF6-AC711C70F396}.Release|x64.Build.0 = Release|x64
		{1D94E4A4-D645-48FD-BAF6-AC711C70F396}.Release|x86.ActiveCfg = Release|Win32
		{1D94E4A4-D645-48FD-BAF6-AC711C70F396}.Release|x86.Build.0 = Release|Win32
		{B40AE694-6B8F-46E0-8107-DA8A91F61557}.Debug|x64.ActiveCfg = Debug|x64
		{B40AE694-6B8F-46E0-8107-DA8A91F61557}.Debug|x64.Build.0 = Debug|x64
		{B40AE694-6B8F-46E0-8107-DA8A91F61557}.Debug|x86.ActiveCfg = Debug|Win32
		{B40AE694-6B8F-46E0-8107-DA8A91F61557}.Debug|x86.Build.0 = Debug|Win32
		{B40AE694-6B8F-46E0-8107-DA8A91F61557}.Release|x64.ActiveCfg = Release|x64
		{B40AE694-6B8F-46E0-8107-DA8A91F61557}.Release|x64.Build.0 = Release|x64
		{B40AE694-6B8F-46E0-8107-DA8A91F61557}.Release|x86.ActiveCfg = Release|Win32
		{B40AE694-6B8F-46E0-8107-DA8A91F61557}.Release|x86.Build.0 = Release|Win32
		{DF237E1B-ABEA-40F6-8F50-9E81C5383282}.Debug|x64.ActiveCfg = Debug|x64
		{DF237E1B-ABEA-40F6-8F50-9E81C5383282}.Debug|x64.Build.0 = Debug|x64
		{DF237E1B-ABEA-40F6-8F50-9E81C5383282}.Debug|x86.ActiveCfg = Debug|Win32
		{DF237E1B-ABEA-40F6-8F50-9E81C5383282}.Debug|x86.Build.0 = Debug|Win32
		{DF237E1B-ABEA-40F6-8F50-9E81C5383282}.Release|x64.ActiveCfg = Release|x64
		{DF237E1B-ABEA-40F6-8F50-9E81C5383282}.Release|x64.Build.0 = Release|x64
		{DF237E1B-ABEA-40F6-8F50-9E81C5383282}.Release|x86.ActiveCfg = Release|Win32
		{DF237E1B-ABEA-40F6-8F50-9E81C5383282}.Release|x86.Build.0 = Release|Win32
		{B8404EA5-E6FC-4C79-8445-B1B268CF03F4}.Debug|x64.ActiveCfg = Debug|x64
		{B8404EA5-E6FC-4C79-8445-B1B268CF03F4}.Debug|x64.Build.0 = Debug|x64
		{B8404EA5-E6FC-4C79-8445-B1B268CF03F4}.Debug|x86.ActiveCfg = Debug|Win32
		{B8404EA5-E6FC-4C79-8445-B1B268CF03F4}.Debug|x86.Build.0 = Debug|Win32
		{B8404EA5-E6FC-4C79-8445-B1B268CF03F4}.Release|x64.ActiveCfg = Release|x64
		{B8404EA5-E6FC-4C79-8445-B1B268CF03F4}.Release|x64.Build.0 = Release|x64
		{B8404EA5-E6FC-4C79-8445-B1B268CF03F4}.Release|x86.ActiveCfg = Release|Win32
		{B8404EA5-E6FC-4C79-8445-B1B268CF03F4}.Release|x86.Build.0 = Release|Win32
		{A97EAAA8-DF35-4266-88DB-F8DF9799FB84}.Debug|x64.ActiveCfg = Debug|x64
		{A97EAAA8-DF35-4266-88DB-F8DF9799FB84}.Debug|x64.Build.0 = Debug|x64
		{A97EAAA8-DF35-4266-88DB-F8DF9799FB84}.Debug|x86.ActiveCfg = Debug|Win32
		{A97EAAA8-DF35-4266-88DB-F8DF9799FB84}.Debug|x86.Build.0 = Debug|Win32
		{A97EAAA8-DF35-4266-88DB-F8DF9799FB84}.Release|x64.ActiveCfg = Release|x64
		{A97EAAA8-DF35-4266-88DB-F8DF9799FB84}.Release|x64.Build.0 = Release|x64
		{A97EAAA8-DF35-4266-88DB-F8DF9799FB84}.Release|x86.ActiveCfg = Release|Win32
		{A97EAAA8-DF35-4266-88DB-F8DF9799FB84}.Release|x86.Build.0 = Release|Win32
	EndGlobalSection
	GlobalSection(SolutionProperties) = preSolution
		HideSolutionNode = FALSE
	EndGlobalSection
	GlobalSection(ExtensibilityGlobals) = postSolution
		SolutionGuid = {4352A90A-072C-4422-9CFC-8585A4CE6A26}
	EndGlobalSection
EndGlobal
