
Microsoft Visual Studio Solution File, Format Version 12.00
# Visual Studio 15
VisualStudioVersion = 15.0.27004.2002
MinimumVisualStudioVersion = 10.0.40219.1
Project("{8BC9CEB8-8B4A-11D0-8D11-00A0C91BC942}") = "dlib Static VC120 XP", "VisualStudio\dlib Static VC120 XP.vcxproj", "{F78E933E-3C47-4881-8221-FDEDC2A41AB3}"
EndProject
Project("{8BC9CEB8-8B4A-11D0-8D11-00A0C91BC942}") = "dlib Static VC140 XP", "VisualStudio\dlib Static VC140 XP.vcxproj", "{B8404EA5-E6FC-4C79-8445-B1B268CF03F4}"
EndProject
Project("{8BC9CEB8-8B4A-11D0-8D11-00A0C91BC942}") = "dlib DLL VC140 XP", "VisualStudio\dlib DLL VC140 XP.vcxproj", "{B40AE694-6B8F-46E0-8107-DA8A91F61557}"
EndProject
Project("{8BC9CEB8-8B4A-11D0-8D11-00A0C91BC942}") = "dlib DLL VC120 XP", "VisualStudio\dlib DLL VC120 XP.vcxproj", "{2C9F804B-2E46-4C93-A355-2E71223EB8E1}"
EndProject
Project("{8BC9CEB8-8B4A-11D0-8D11-00A0C91BC942}") = "dlib DLL VC141 XP", "VisualStudio\dlib DLL VC141 XP.vcxproj", "{DF237E1B-ABEA-40F6-8F50-9E81C5383282}"
EndProject
Project("{8BC9CEB8-8B4A-11D0-8D11-00A0C91BC942}") = "dlib Static VC141 XP", "VisualStudio\dlib Static VC141 XP.vcxproj", "{A97EAAA8-DF35-4266-88DB-F8DF9799FB84}"
EndProject
Project("{8BC9CEB8-8B4A-11D0-8D11-00A0C91BC942}") = "All", "VisualStudio\All.vcxproj", "{BD0914E5-DE40-4CB3-913B-077B97307F29}"
	ProjectSection(ProjectDependencies) = postProject
		{DF237E1B-ABEA-40F6-8F50-9E81C5383282} = {DF237E1B-ABEA-40F6-8F50-9E81C5383282}
		{F78E933E-3C47-4881-8221-FDEDC2A41AB3} = {F78E933E-3C47-4881-8221-FDEDC2A41AB3}
		{2C9F804B-2E46-4C93-A355-2E71223EB8E1} = {2C9F804B-2E46-4C93-A355-2E71223EB8E1}
		{B40AE694-6B8F-46E0-8107-DA8A91F61557} = {B40AE694-6B8F-46E0-8107-DA8A91F61557}
		{B8404EA5-E6FC-4C79-8445-B1B268CF03F4} = {B8404EA5-E6FC-4C79-8445-B1B268CF03F4}
		{A97EAAA8-DF35-4266-88DB-F8DF9799FB84} = {A97EAAA8-DF35-4266-88DB-F8DF9799FB84}
	EndProjectSection
EndProject
Project("{8BC9CEB8-8B4A-11D0-8D11-00A0C91BC942}") = "Unit-Tests", "VisualStudio\Unit-Tests.vcxproj", "{1E3DC445-B328-491C-98D8-50C7F85C24A4}"
EndProject
Global
	GlobalSection(SolutionConfigurationPlatforms) = preSolution
		Debug|32-bit = Debug|32-bit
		Debug|64-bit = Debug|64-bit
		Debug|x64 = Debug|x64
		Debug|x86 = Debug|x86
		Release|32-bit = Release|32-bit
		Release|64-bit = Release|64-bit
		Release|x64 = Release|x64
		Release|x86 = Release|x86
	EndGlobalSection
	GlobalSection(ProjectConfigurationPlatforms) = postSolution
		{F78E933E-3C47-4881-8221-FDEDC2A41AB3}.Debug|32-bit.ActiveCfg = Debug|Win32
		{F78E933E-3C47-4881-8221-FDEDC2A41AB3}.Debug|32-bit.Build.0 = Debug|Win32
		{F78E933E-3C47-4881-8221-FDEDC2A41AB3}.Debug|64-bit.ActiveCfg = Debug|x64
		{F78E933E-3C47-4881-8221-FDEDC2A41AB3}.Debug|64-bit.Build.0 = Debug|x64
		{F78E933E-3C47-4881-8221-FDEDC2A41AB3}.Debug|x64.ActiveCfg = Debug|x64
		{F78E933E-3C47-4881-8221-FDEDC2A41AB3}.Debug|x64.Build.0 = Debug|x64
		{F78E933E-3C47-4881-8221-FDEDC2A41AB3}.Debug|x86.ActiveCfg = Debug|Win32
		{F78E933E-3C47-4881-8221-FDEDC2A41AB3}.Debug|x86.Build.0 = Debug|Win32
		{F78E933E-3C47-4881-8221-FDEDC2A41AB3}.Release|32-bit.ActiveCfg = Release|Win32
		{F78E933E-3C47-4881-8221-FDEDC2A41AB3}.Release|32-bit.Build.0 = Release|Win32
		{F78E933E-3C47-4881-8221-FDEDC2A41AB3}.Release|64-bit.ActiveCfg = Release|x64
		{F78E933E-3C47-4881-8221-FDEDC2A41AB3}.Release|64-bit.Build.0 = Release|x64
		{F78E933E-3C47-4881-8221-FDEDC2A41AB3}.Release|x64.ActiveCfg = Release|x64
		{F78E933E-3C47-4881-8221-FDEDC2A41AB3}.Release|x64.Build.0 = Release|x64
		{F78E933E-3C47-4881-8221-FDEDC2A41AB3}.Release|x86.ActiveCfg = Release|Win32
		{F78E933E-3C47-4881-8221-FDEDC2A41AB3}.Release|x86.Build.0 = Release|Win32
		{B8404EA5-E6FC-4C79-8445-B1B268CF03F4}.Debug|32-bit.ActiveCfg = Debug|Win32
		{B8404EA5-E6FC-4C79-8445-B1B268CF03F4}.Debug|32-bit.Build.0 = Debug|Win32
		{B8404EA5-E6FC-4C79-8445-B1B268CF03F4}.Debug|64-bit.ActiveCfg = Debug|x64
		{B8404EA5-E6FC-4C79-8445-B1B268CF03F4}.Debug|64-bit.Build.0 = Debug|x64
		{B8404EA5-E6FC-4C79-8445-B1B268CF03F4}.Debug|x64.ActiveCfg = Debug|x64
		{B8404EA5-E6FC-4C79-8445-B1B268CF03F4}.Debug|x64.Build.0 = Debug|x64
		{B8404EA5-E6FC-4C79-8445-B1B268CF03F4}.Debug|x86.ActiveCfg = Debug|Win32
		{B8404EA5-E6FC-4C79-8445-B1B268CF03F4}.Debug|x86.Build.0 = Debug|Win32
		{B8404EA5-E6FC-4C79-8445-B1B268CF03F4}.Debug|x86.Deploy.0 = Debug|Win32
		{B8404EA5-E6FC-4C79-8445-B1B268CF03F4}.Release|32-bit.ActiveCfg = Release|Win32
		{B8404EA5-E6FC-4C79-8445-B1B268CF03F4}.Release|32-bit.Build.0 = Release|Win32
		{B8404EA5-E6FC-4C79-8445-B1B268CF03F4}.Release|64-bit.ActiveCfg = Release|x64
		{B8404EA5-E6FC-4C79-8445-B1B268CF03F4}.Release|64-bit.Build.0 = Release|x64
		{B8404EA5-E6FC-4C79-8445-B1B268CF03F4}.Release|x64.ActiveCfg = Release|x64
		{B8404EA5-E6FC-4C79-8445-B1B268CF03F4}.Release|x64.Build.0 = Release|x64
		{B8404EA5-E6FC-4C79-8445-B1B268CF03F4}.Release|x86.ActiveCfg = Release|Win32
		{B8404EA5-E6FC-4C79-8445-B1B268CF03F4}.Release|x86.Build.0 = Release|Win32
		{B40AE694-6B8F-46E0-8107-DA8A91F61557}.Debug|32-bit.ActiveCfg = Debug|Win32
		{B40AE694-6B8F-46E0-8107-DA8A91F61557}.Debug|32-bit.Build.0 = Debug|Win32
		{B40AE694-6B8F-46E0-8107-DA8A91F61557}.Debug|64-bit.ActiveCfg = Debug|x64
		{B40AE694-6B8F-46E0-8107-DA8A91F61557}.Debug|64-bit.Build.0 = Debug|x64
		{B40AE694-6B8F-46E0-8107-DA8A91F61557}.Debug|x64.ActiveCfg = Debug|x64
		{B40AE694-6B8F-46E0-8107-DA8A91F61557}.Debug|x64.Build.0 = Debug|x64
		{B40AE694-6B8F-46E0-8107-DA8A91F61557}.Debug|x86.ActiveCfg = Debug|Win32
		{B40AE694-6B8F-46E0-8107-DA8A91F61557}.Debug|x86.Build.0 = Debug|Win32
		{B40AE694-6B8F-46E0-8107-DA8A91F61557}.Debug|x86.Deploy.0 = Debug|Win32
		{B40AE694-6B8F-46E0-8107-DA8A91F61557}.Release|32-bit.ActiveCfg = Release|Win32
		{B40AE694-6B8F-46E0-8107-DA8A91F61557}.Release|32-bit.Build.0 = Release|Win32
		{B40AE694-6B8F-46E0-8107-DA8A91F61557}.Release|64-bit.ActiveCfg = Release|x64
		{B40AE694-6B8F-46E0-8107-DA8A91F61557}.Release|64-bit.Build.0 = Release|x64
		{B40AE694-6B8F-46E0-8107-DA8A91F61557}.Release|x64.ActiveCfg = Release|x64
		{B40AE694-6B8F-46E0-8107-DA8A91F61557}.Release|x64.Build.0 = Release|x64
		{B40AE694-6B8F-46E0-8107-DA8A91F61557}.Release|x86.ActiveCfg = Release|Win32
		{B40AE694-6B8F-46E0-8107-DA8A91F61557}.Release|x86.Build.0 = Release|Win32
		{2C9F804B-2E46-4C93-A355-2E71223EB8E1}.Debug|32-bit.ActiveCfg = Debug|Win32
		{2C9F804B-2E46-4C93-A355-2E71223EB8E1}.Debug|32-bit.Build.0 = Debug|Win32
		{2C9F804B-2E46-4C93-A355-2E71223EB8E1}.Debug|64-bit.ActiveCfg = Debug|x64
		{2C9F804B-2E46-4C93-A355-2E71223EB8E1}.Debug|64-bit.Build.0 = Debug|x64
		{2C9F804B-2E46-4C93-A355-2E71223EB8E1}.Debug|x64.ActiveCfg = Debug|x64
		{2C9F804B-2E46-4C93-A355-2E71223EB8E1}.Debug|x64.Build.0 = Debug|x64
		{2C9F804B-2E46-4C93-A355-2E71223EB8E1}.Debug|x86.ActiveCfg = Debug|Win32
		{2C9F804B-2E46-4C93-A355-2E71223EB8E1}.Debug|x86.Build.0 = Debug|Win32
		{2C9F804B-2E46-4C93-A355-2E71223EB8E1}.Debug|x86.Deploy.0 = Debug|Win32
		{2C9F804B-2E46-4C93-A355-2E71223EB8E1}.Release|32-bit.ActiveCfg = Release|Win32
		{2C9F804B-2E46-4C93-A355-2E71223EB8E1}.Release|32-bit.Build.0 = Release|Win32
		{2C9F804B-2E46-4C93-A355-2E71223EB8E1}.Release|64-bit.ActiveCfg = Release|x64
		{2C9F804B-2E46-4C93-A355-2E71223EB8E1}.Release|64-bit.Build.0 = Release|x64
		{2C9F804B-2E46-4C93-A355-2E71223EB8E1}.Release|x64.ActiveCfg = Release|x64
		{2C9F804B-2E46-4C93-A355-2E71223EB8E1}.Release|x64.Build.0 = Release|x64
		{2C9F804B-2E46-4C93-A355-2E71223EB8E1}.Release|x86.ActiveCfg = Release|Win32
		{2C9F804B-2E46-4C93-A355-2E71223EB8E1}.Release|x86.Build.0 = Release|Win32
		{DF237E1B-ABEA-40F6-8F50-9E81C5383282}.Debug|32-bit.ActiveCfg = Debug|Win32
		{DF237E1B-ABEA-40F6-8F50-9E81C5383282}.Debug|32-bit.Build.0 = Debug|Win32
		{DF237E1B-ABEA-40F6-8F50-9E81C5383282}.Debug|64-bit.ActiveCfg = Debug|x64
		{DF237E1B-ABEA-40F6-8F50-9E81C5383282}.Debug|64-bit.Build.0 = Debug|x64
		{DF237E1B-ABEA-40F6-8F50-9E81C5383282}.Debug|x64.ActiveCfg = Debug|x64
		{DF237E1B-ABEA-40F6-8F50-9E81C5383282}.Debug|x64.Build.0 = Debug|x64
		{DF237E1B-ABEA-40F6-8F50-9E81C5383282}.Debug|x86.ActiveCfg = Debug|Win32
		{DF237E1B-ABEA-40F6-8F50-9E81C5383282}.Debug|x86.Build.0 = Debug|Win32
		{DF237E1B-ABEA-40F6-8F50-9E81C5383282}.Release|32-bit.ActiveCfg = Release|Win32
		{DF237E1B-ABEA-40F6-8F50-9E81C5383282}.Release|32-bit.Build.0 = Release|Win32
		{DF237E1B-ABEA-40F6-8F50-9E81C5383282}.Release|64-bit.ActiveCfg = Release|x64
		{DF237E1B-ABEA-40F6-8F50-9E81C5383282}.Release|64-bit.Build.0 = Release|x64
		{DF237E1B-ABEA-40F6-8F50-9E81C5383282}.Release|x64.ActiveCfg = Release|x64
		{DF237E1B-ABEA-40F6-8F50-9E81C5383282}.Release|x64.Build.0 = Release|x64
		{DF237E1B-ABEA-40F6-8F50-9E81C5383282}.Release|x86.ActiveCfg = Release|Win32
		{DF237E1B-ABEA-40F6-8F50-9E81C5383282}.Release|x86.Build.0 = Release|Win32
		{A97EAAA8-DF35-4266-88DB-F8DF9799FB84}.Debug|32-bit.ActiveCfg = Debug|Win32
		{A97EAAA8-DF35-4266-88DB-F8DF9799FB84}.Debug|32-bit.Build.0 = Debug|Win32
		{A97EAAA8-DF35-4266-88DB-F8DF9799FB84}.Debug|64-bit.ActiveCfg = Debug|x64
		{A97EAAA8-DF35-4266-88DB-F8DF9799FB84}.Debug|64-bit.Build.0 = Debug|x64
		{A97EAAA8-DF35-4266-88DB-F8DF9799FB84}.Debug|x64.ActiveCfg = Debug|x64
		{A97EAAA8-DF35-4266-88DB-F8DF9799FB84}.Debug|x64.Build.0 = Debug|x64
		{A97EAAA8-DF35-4266-88DB-F8DF9799FB84}.Debug|x86.ActiveCfg = Debug|Win32
		{A97EAAA8-DF35-4266-88DB-F8DF9799FB84}.Debug|x86.Build.0 = Debug|Win32
		{A97EAAA8-DF35-4266-88DB-F8DF9799FB84}.Release|32-bit.ActiveCfg = Release|Win32
		{A97EAAA8-DF35-4266-88DB-F8DF9799FB84}.Release|32-bit.Build.0 = Release|Win32
		{A97EAAA8-DF35-4266-88DB-F8DF9799FB84}.Release|64-bit.ActiveCfg = Release|x64
		{A97EAAA8-DF35-4266-88DB-F8DF9799FB84}.Release|64-bit.Build.0 = Release|x64
		{A97EAAA8-DF35-4266-88DB-F8DF9799FB84}.Release|x64.ActiveCfg = Release|x64
		{A97EAAA8-DF35-4266-88DB-F8DF9799FB84}.Release|x64.Build.0 = Release|x64
		{A97EAAA8-DF35-4266-88DB-F8DF9799FB84}.Release|x86.ActiveCfg = Release|Win32
		{A97EAAA8-DF35-4266-88DB-F8DF9799FB84}.Release|x86.Build.0 = Release|Win32
		{BD0914E5-DE40-4CB3-913B-077B97307F29}.Debug|32-bit.ActiveCfg = Debug|Win32
		{BD0914E5-DE40-4CB3-913B-077B97307F29}.Debug|32-bit.Build.0 = Debug|Win32
		{BD0914E5-DE40-4CB3-913B-077B97307F29}.Debug|64-bit.ActiveCfg = Debug|x64
		{BD0914E5-DE40-4CB3-913B-077B97307F29}.Debug|64-bit.Build.0 = Debug|x64
		{BD0914E5-DE40-4CB3-913B-077B97307F29}.Debug|x64.ActiveCfg = Debug|x64
		{BD0914E5-DE40-4CB3-913B-077B97307F29}.Debug|x64.Build.0 = Debug|x64
		{BD0914E5-DE40-4CB3-913B-077B97307F29}.Debug|x86.ActiveCfg = Debug|Win32
		{BD0914E5-DE40-4CB3-913B-077B97307F29}.Debug|x86.Build.0 = Debug|Win32
		{BD0914E5-DE40-4CB3-913B-077B97307F29}.Release|32-bit.ActiveCfg = Release|Win32
		{BD0914E5-DE40-4CB3-913B-077B97307F29}.Release|32-bit.Build.0 = Release|Win32
		{BD0914E5-DE40-4CB3-913B-077B97307F29}.Release|64-bit.ActiveCfg = Release|x64
		{BD0914E5-DE40-4CB3-913B-077B97307F29}.Release|64-bit.Build.0 = Release|x64
		{BD0914E5-DE40-4CB3-913B-077B97307F29}.Release|x64.ActiveCfg = Release|x64
		{BD0914E5-DE40-4CB3-913B-077B97307F29}.Release|x64.Build.0 = Release|x64
		{BD0914E5-DE40-4CB3-913B-077B97307F29}.Release|x86.ActiveCfg = Release|Win32
		{BD0914E5-DE40-4CB3-913B-077B97307F29}.Release|x86.Build.0 = Release|Win32
		{1E3DC445-B328-491C-98D8-50C7F85C24A4}.Debug|32-bit.ActiveCfg = Debug|Win32
		{1E3DC445-B328-491C-98D8-50C7F85C24A4}.Debug|32-bit.Build.0 = Debug|Win32
		{1E3DC445-B328-491C-98D8-50C7F85C24A4}.Debug|64-bit.ActiveCfg = Debug|x64
		{1E3DC445-B328-491C-98D8-50C7F85C24A4}.Debug|64-bit.Build.0 = Debug|x64
		{1E3DC445-B328-491C-98D8-50C7F85C24A4}.Debug|x64.ActiveCfg = Debug|x64
		{1E3DC445-B328-491C-98D8-50C7F85C24A4}.Debug|x64.Build.0 = Debug|x64
		{1E3DC445-B328-491C-98D8-50C7F85C24A4}.Debug|x86.ActiveCfg = Debug|Win32
		{1E3DC445-B328-491C-98D8-50C7F85C24A4}.Debug|x86.Build.0 = Debug|Win32
		{1E3DC445-B328-491C-98D8-50C7F85C24A4}.Release|32-bit.ActiveCfg = Release|Win32
		{1E3DC445-B328-491C-98D8-50C7F85C24A4}.Release|32-bit.Build.0 = Release|Win32
		{1E3DC445-B328-491C-98D8-50C7F85C24A4}.Release|64-bit.ActiveCfg = Release|x64
		{1E3DC445-B328-491C-98D8-50C7F85C24A4}.Release|64-bit.Build.0 = Release|x64
		{1E3DC445-B328-491C-98D8-50C7F85C24A4}.Release|x64.ActiveCfg = Release|x64
		{1E3DC445-B328-491C-98D8-50C7F85C24A4}.Release|x64.Build.0 = Release|x64
		{1E3DC445-B328-491C-98D8-50C7F85C24A4}.Release|x86.ActiveCfg = Release|Win32
		{1E3DC445-B328-491C-98D8-50C7F85C24A4}.Release|x86.Build.0 = Release|Win32
	EndGlobalSection
	GlobalSection(SolutionProperties) = preSolution
		HideSolutionNode = FALSE
	EndGlobalSection
	GlobalSection(ExtensibilityGlobals) = postSolution
		SolutionGuid = {4352A90A-072C-4422-9CFC-8585A4CE6A26}
	EndGlobalSection
EndGlobal
