// !$*UTF8*$!
{
	archiveVersion = 1;
	classes = {
	};
	objectVersion = 46;
	objects = {

/* Begin PBXBuildFile section */
		052DE7CD206AB79800936046 /* libdlib.a in Frameworks */ = {isa = PBXBuildFile; fileRef = 05A602191B56EF4000C71A24 /* libdlib.a */; };
		052DE7D4206AB7C000936046 /* Tests.cpp in Sources */ = {isa = PBXBuildFile; fileRef = 052DE7D3206AB7C000936046 /* Tests.cpp */; };
		052DE7DE206AB8D600936046 /* libc++.tbd in Frameworks */ = {isa = PBXBuildFile; fileRef = 052DE7DA206AB8D500936046 /* libc++.tbd */; };
		0536385B21AFF8860015CFA9 /* XSTest.framework in Frameworks */ = {isa = PBXBuildFile; fileRef = 0536385A21AFF87B0015CFA9 /* XSTest.framework */; };
		0564BCD71EF9A08800195C67 /* dlib-Manager.cpp in Sources */ = {isa = PBXBuildFile; fileRef = 0564BCD51EF99FE400195C67 /* dlib-Manager.cpp */; };
		0564BCD81EF9A0CF00195C67 /* dlib-Module.cpp in Sources */ = {isa = PBXBuildFile; fileRef = 0564BCD61EF99FE400195C67 /* dlib-Module.cpp */; };
/* End PBXBuildFile section */

/* Begin PBXContainerItemProxy section */
		052DE7CE206AB79800936046 /* PBXContainerItemProxy */ = {
			isa = PBXContainerItemProxy;
			containerPortal = 05A602111B56EF4000C71A24 /* Project object */;
			proxyType = 1;
			remoteGlobalIDString = 05A602181B56EF4000C71A24;
			remoteInfo = dlib;
		};
		0536385921AFF87B0015CFA9 /* PBXContainerItemProxy */ = {
			isa = PBXContainerItemProxy;
			containerPortal = 0536385521AFF87B0015CFA9 /* XSTest.xcodeproj */;
			proxyType = 2;
			remoteGlobalIDString = 05D526E721A864BC0025CCEB;
			remoteInfo = XSTest;
		};
		0536385C21AFF88A0015CFA9 /* PBXContainerItemProxy */ = {
			isa = PBXContainerItemProxy;
			containerPortal = 0536385521AFF87B0015CFA9 /* XSTest.xcodeproj */;
			proxyType = 1;
			remoteGlobalIDString = 05D526E621A864BC0025CCEB;
			remoteInfo = XSTest;
		};
/* End PBXContainerItemProxy section */

/* Begin PBXFileReference section */
		05287BE81EF9B470003A79D5 /* README.md */ = {isa = PBXFileReference; lastKnownFileType = net.daringfireball.markdown; path = README.md; sourceTree = "<group>"; };
		052DE7C8206AB79800936046 /* Unit-Tests.xctest */ = {isa = PBXFileReference; explicitFileType = wrapper.cfbundle; includeInIndex = 0; path = "Unit-Tests.xctest"; sourceTree = BUILT_PRODUCTS_DIR; };
		052DE7CC206AB79800936046 /* Info.plist */ = {isa = PBXFileReference; lastKnownFileType = text.plist.xml; path = Info.plist; sourceTree = "<group>"; };
		052DE7D3206AB7C000936046 /* Tests.cpp */ = {isa = PBXFileReference; fileEncoding = 4; lastKnownFileType = sourcecode.cpp.cpp; path = Tests.cpp; sourceTree = "<group>"; };
		052DE7DA206AB8D500936046 /* libc++.tbd */ = {isa = PBXFileReference; lastKnownFileType = "sourcecode.text-based-dylib-definition"; name = "libc++.tbd"; path = "usr/lib/libc++.tbd"; sourceTree = SDKROOT; };
		0536385521AFF87B0015CFA9 /* XSTest.xcodeproj */ = {isa = PBXFileReference; lastKnownFileType = "wrapper.pb-project"; name = XSTest.xcodeproj; path = Submodules/XSTest/XSTest.xcodeproj; sourceTree = "<group>"; };
		0564BCD31EF99E0900195C67 /* dlib-Module.hpp */ = {isa = PBXFileReference; lastKnownFileType = sourcecode.cpp.h; path = "dlib-Module.hpp"; sourceTree = "<group>"; };
		0564BCD41EF99E0900195C67 /* dlib-Manager.hpp */ = {isa = PBXFileReference; lastKnownFileType = sourcecode.cpp.h; path = "dlib-Manager.hpp"; sourceTree = "<group>"; };
		0564BCD51EF99FE400195C67 /* dlib-Manager.cpp */ = {isa = PBXFileReference; lastKnownFileType = sourcecode.cpp.cpp; path = "dlib-Manager.cpp"; sourceTree = "<group>"; };
		0564BCD61EF99FE400195C67 /* dlib-Module.cpp */ = {isa = PBXFileReference; lastKnownFileType = sourcecode.cpp.cpp; path = "dlib-Module.cpp"; sourceTree = "<group>"; };
		057223DE20111DD200DC0502 /* Release - ccache.xcconfig */ = {isa = PBXFileReference; lastKnownFileType = text.xcconfig; path = "Release - ccache.xcconfig"; sourceTree = "<group>"; };
		057223DF20111DD200DC0502 /* Common.xcconfig */ = {isa = PBXFileReference; lastKnownFileType = text.xcconfig; path = Common.xcconfig; sourceTree = "<group>"; };
		057223E020111DD200DC0502 /* Debug - ccache.xcconfig */ = {isa = PBXFileReference; lastKnownFileType = text.xcconfig; path = "Debug - ccache.xcconfig"; sourceTree = "<group>"; };
		057223E120111DD200DC0502 /* Debug.xcconfig */ = {isa = PBXFileReference; lastKnownFileType = text.xcconfig; path = Debug.xcconfig; sourceTree = "<group>"; };
		057223E220111DD200DC0502 /* Release.xcconfig */ = {isa = PBXFileReference; lastKnownFileType = text.xcconfig; path = Release.xcconfig; sourceTree = "<group>"; };
		057223E320111DD200DC0502 /* README.md */ = {isa = PBXFileReference; lastKnownFileType = net.daringfireball.markdown; path = README.md; sourceTree = "<group>"; };
		057223E520111DD200DC0502 /* Signing.xcconfig */ = {isa = PBXFileReference; lastKnownFileType = text.xcconfig; path = Signing.xcconfig; sourceTree = "<group>"; };
		057223E620111DD200DC0502 /* Architectures.xcconfig */ = {isa = PBXFileReference; lastKnownFileType = text.xcconfig; path = Architectures.xcconfig; sourceTree = "<group>"; };
		057223E820111DD200DC0502 /* Issues.xcconfig */ = {isa = PBXFileReference; lastKnownFileType = text.xcconfig; path = Issues.xcconfig; sourceTree = "<group>"; };
		057223EA20111DD200DC0502 /* Apple-APIs.xcconfig */ = {isa = PBXFileReference; lastKnownFileType = text.xcconfig; path = "Apple-APIs.xcconfig"; sourceTree = "<group>"; };
		057223EB20111DD200DC0502 /* Generic-Issues.xcconfig */ = {isa = PBXFileReference; lastKnownFileType = text.xcconfig; path = "Generic-Issues.xcconfig"; sourceTree = "<group>"; };
		057223EC20111DD200DC0502 /* Security.xcconfig */ = {isa = PBXFileReference; lastKnownFileType = text.xcconfig; path = Security.xcconfig; sourceTree = "<group>"; };
		057223ED20111DD200DC0502 /* Objective-C.xcconfig */ = {isa = PBXFileReference; lastKnownFileType = text.xcconfig; path = "Objective-C.xcconfig"; sourceTree = "<group>"; };
		057223EE20111DD200DC0502 /* Analysis-Policy.xcconfig */ = {isa = PBXFileReference; lastKnownFileType = text.xcconfig; path = "Analysis-Policy.xcconfig"; sourceTree = "<group>"; };
		057223EF20111DD200DC0502 /* Deployment.xcconfig */ = {isa = PBXFileReference; lastKnownFileType = text.xcconfig; path = Deployment.xcconfig; sourceTree = "<group>"; };
		057223F020111DD200DC0502 /* Build-Options.xcconfig */ = {isa = PBXFileReference; lastKnownFileType = text.xcconfig; path = "Build-Options.xcconfig"; sourceTree = "<group>"; };
		057223F120111DD200DC0502 /* Swift-Compiler.xcconfig */ = {isa = PBXFileReference; lastKnownFileType = text.xcconfig; path = "Swift-Compiler.xcconfig"; sourceTree = "<group>"; };
		057223F220111DD200DC0502 /* Static-Analyzer.xcconfig */ = {isa = PBXFileReference; lastKnownFileType = text.xcconfig; path = "Static-Analyzer.xcconfig"; sourceTree = "<group>"; };
		057223F420111DD200DC0502 /* Warnings-Policies.xcconfig */ = {isa = PBXFileReference; lastKnownFileType = text.xcconfig; path = "Warnings-Policies.xcconfig"; sourceTree = "<group>"; };
		057223F520111DD200DC0502 /* Code-Generation.xcconfig */ = {isa = PBXFileReference; lastKnownFileType = text.xcconfig; path = "Code-Generation.xcconfig"; sourceTree = "<group>"; };
		057223F620111DD200DC0502 /* Language.xcconfig */ = {isa = PBXFileReference; lastKnownFileType = text.xcconfig; path = Language.xcconfig; sourceTree = "<group>"; };
		057223F720111DD200DC0502 /* General.xcconfig */ = {isa = PBXFileReference; lastKnownFileType = text.xcconfig; path = General.xcconfig; sourceTree = "<group>"; };
		057223F820111DD200DC0502 /* Search-Paths.xcconfig */ = {isa = PBXFileReference; lastKnownFileType = text.xcconfig; path = "Search-Paths.xcconfig"; sourceTree = "<group>"; };
		057223F920111DD200DC0502 /* Apple-LLVM.xcconfig */ = {isa = PBXFileReference; lastKnownFileType = text.xcconfig; path = "Apple-LLVM.xcconfig"; sourceTree = "<group>"; };
		057223FC20111DD200DC0502 /* Modules.xcconfig */ = {isa = PBXFileReference; lastKnownFileType = text.xcconfig; path = Modules.xcconfig; sourceTree = "<group>"; };
		057223FD20111DD200DC0502 /* Objective-C.xcconfig */ = {isa = PBXFileReference; lastKnownFileType = text.xcconfig; path = "Objective-C.xcconfig"; sourceTree = "<group>"; };
		057223FE20111DD200DC0502 /* C++.xcconfig */ = {isa = PBXFileReference; lastKnownFileType = text.xcconfig; path = "C++.xcconfig"; sourceTree = "<group>"; };
		057223FF20111DD200DC0502 /* Code-Generation.xcconfig */ = {isa = PBXFileReference; lastKnownFileType = text.xcconfig; path = "Code-Generation.xcconfig"; sourceTree = "<group>"; };
		0572240020111DD200DC0502 /* Address-Sanitizer.xcconfig */ = {isa = PBXFileReference; lastKnownFileType = text.xcconfig; path = "Address-Sanitizer.xcconfig"; sourceTree = "<group>"; };
		0572240120111DD200DC0502 /* Language.xcconfig */ = {isa = PBXFileReference; lastKnownFileType = text.xcconfig; path = Language.xcconfig; sourceTree = "<group>"; };
		0572240220111DD200DC0502 /* Warnings.xcconfig */ = {isa = PBXFileReference; lastKnownFileType = text.xcconfig; path = Warnings.xcconfig; sourceTree = "<group>"; };
		0572240320111DD200DC0502 /* Undefined-Behavior-Sanitizer.xcconfig */ = {isa = PBXFileReference; lastKnownFileType = text.xcconfig; path = "Undefined-Behavior-Sanitizer.xcconfig"; sourceTree = "<group>"; };
		0572240420111DD200DC0502 /* Warning-Policies.xcconfig */ = {isa = PBXFileReference; lastKnownFileType = text.xcconfig; path = "Warning-Policies.xcconfig"; sourceTree = "<group>"; };
		0572240620111DD200DC0502 /* Objective-C-ARC.xcconfig */ = {isa = PBXFileReference; lastKnownFileType = text.xcconfig; path = "Objective-C-ARC.xcconfig"; sourceTree = "<group>"; };
		0572240720111DD200DC0502 /* Objective-C.xcconfig */ = {isa = PBXFileReference; lastKnownFileType = text.xcconfig; path = "Objective-C.xcconfig"; sourceTree = "<group>"; };
		0572240820111DD200DC0502 /* C++.xcconfig */ = {isa = PBXFileReference; lastKnownFileType = text.xcconfig; path = "C++.xcconfig"; sourceTree = "<group>"; };
		0572240920111DD200DC0502 /* All-Languages.xcconfig */ = {isa = PBXFileReference; lastKnownFileType = text.xcconfig; path = "All-Languages.xcconfig"; sourceTree = "<group>"; };
		0572240A20111DD200DC0502 /* Preprocessing.xcconfig */ = {isa = PBXFileReference; lastKnownFileType = text.xcconfig; path = Preprocessing.xcconfig; sourceTree = "<group>"; };
		0572240D20111DD200DC0502 /* ccache-config.sh */ = {isa = PBXFileReference; lastKnownFileType = text.script.sh; path = "ccache-config.sh"; sourceTree = "<group>"; };
		0572240E20111DD200DC0502 /* ccache.sh */ = {isa = PBXFileReference; lastKnownFileType = text.script.sh; path = ccache.sh; sourceTree = "<group>"; };
		05A602191B56EF4000C71A24 /* libdlib.a */ = {isa = PBXFileReference; explicitFileType = archive.ar; includeInIndex = 0; path = libdlib.a; sourceTree = BUILT_PRODUCTS_DIR; };
		05A602231B56EF9D00C71A24 /* dlib-macros.hpp */ = {isa = PBXFileReference; fileEncoding = 4; lastKnownFileType = sourcecode.cpp.h; path = "dlib-macros.hpp"; sourceTree = "<group>"; };
		05A602241B56EF9D00C71A24 /* dlib-private-macros.hpp */ = {isa = PBXFileReference; fileEncoding = 4; lastKnownFileType = sourcecode.cpp.h; path = "dlib-private-macros.hpp"; sourceTree = "<group>"; };
		05A602271B56EF9D00C71A24 /* dlib.hpp */ = {isa = PBXFileReference; fileEncoding = 4; lastKnownFileType = sourcecode.cpp.h; path = dlib.hpp; sourceTree = "<group>"; };
/* End PBXFileReference section */

/* Begin PBXFrameworksBuildPhase section */
		052DE7C5206AB79700936046 /* Frameworks */ = {
			isa = PBXFrameworksBuildPhase;
			buildActionMask = 2147483647;
			files = (
				0536385B21AFF8860015CFA9 /* XSTest.framework in Frameworks */,
				052DE7DE206AB8D600936046 /* libc++.tbd in Frameworks */,
				052DE7CD206AB79800936046 /* libdlib.a in Frameworks */,
			);
			runOnlyForDeploymentPostprocessing = 0;
		};
		05A602161B56EF4000C71A24 /* Frameworks */ = {
			isa = PBXFrameworksBuildPhase;
			buildActionMask = 2147483647;
			files = (
			);
			runOnlyForDeploymentPostprocessing = 0;
		};
/* End PBXFrameworksBuildPhase section */

/* Begin PBXGroup section */
		052DE7C9206AB79800936046 /* Unit-Tests */ = {
			isa = PBXGroup;
			children = (
				052DE7D3206AB7C000936046 /* Tests.cpp */,
				052DE7CC206AB79800936046 /* Info.plist */,
			);
			path = "Unit-Tests";
			sourceTree = "<group>";
		};
		052DE7D5206AB83F00936046 /* Frameworks */ = {
			isa = PBXGroup;
			children = (
				052DE7DA206AB8D500936046 /* libc++.tbd */,
			);
			name = Frameworks;
			sourceTree = "<group>";
		};
		0536385621AFF87B0015CFA9 /* Products */ = {
			isa = PBXGroup;
			children = (
				0536385A21AFF87B0015CFA9 /* XSTest.framework */,
			);
			name = Products;
			sourceTree = "<group>";
		};
		057223DD20111DD200DC0502 /* xcconfig */ = {
			isa = PBXGroup;
			children = (
				057223DE20111DD200DC0502 /* Release - ccache.xcconfig */,
				057223DF20111DD200DC0502 /* Common.xcconfig */,
				057223E020111DD200DC0502 /* Debug - ccache.xcconfig */,
				057223E120111DD200DC0502 /* Debug.xcconfig */,
				057223E220111DD200DC0502 /* Release.xcconfig */,
				057223E320111DD200DC0502 /* README.md */,
				057223E420111DD200DC0502 /* Common */,
				0572240C20111DD200DC0502 /* Scripts */,
			);
			name = xcconfig;
			path = Submodules/xcconfig;
			sourceTree = "<group>";
		};
		057223E420111DD200DC0502 /* Common */ = {
			isa = PBXGroup;
			children = (
				057223E520111DD200DC0502 /* Signing.xcconfig */,
				057223E620111DD200DC0502 /* Architectures.xcconfig */,
				057223E720111DD200DC0502 /* Static-Analyzer */,
				057223EF20111DD200DC0502 /* Deployment.xcconfig */,
				057223F020111DD200DC0502 /* Build-Options.xcconfig */,
				057223F120111DD200DC0502 /* Swift-Compiler.xcconfig */,
				057223F220111DD200DC0502 /* Static-Analyzer.xcconfig */,
				057223F320111DD200DC0502 /* Swift-Compiler */,
				057223F820111DD200DC0502 /* Search-Paths.xcconfig */,
				057223F920111DD200DC0502 /* Apple-LLVM.xcconfig */,
				057223FA20111DD200DC0502 /* Apple-LLVM */,
			);
			path = Common;
			sourceTree = "<group>";
		};
		057223E720111DD200DC0502 /* Static-Analyzer */ = {
			isa = PBXGroup;
			children = (
				057223E820111DD200DC0502 /* Issues.xcconfig */,
				057223E920111DD200DC0502 /* Issues */,
			);
			path = "Static-Analyzer";
			sourceTree = "<group>";
		};
		057223E920111DD200DC0502 /* Issues */ = {
			isa = PBXGroup;
			children = (
				057223EA20111DD200DC0502 /* Apple-APIs.xcconfig */,
				057223EB20111DD200DC0502 /* Generic-Issues.xcconfig */,
				057223EC20111DD200DC0502 /* Security.xcconfig */,
				057223ED20111DD200DC0502 /* Objective-C.xcconfig */,
				057223EE20111DD200DC0502 /* Analysis-Policy.xcconfig */,
			);
			path = Issues;
			sourceTree = "<group>";
		};
		057223F320111DD200DC0502 /* Swift-Compiler */ = {
			isa = PBXGroup;
			children = (
				057223F420111DD200DC0502 /* Warnings-Policies.xcconfig */,
				057223F520111DD200DC0502 /* Code-Generation.xcconfig */,
				057223F620111DD200DC0502 /* Language.xcconfig */,
				057223F720111DD200DC0502 /* General.xcconfig */,
			);
			path = "Swift-Compiler";
			sourceTree = "<group>";
		};
		057223FA20111DD200DC0502 /* Apple-LLVM */ = {
			isa = PBXGroup;
			children = (
				057223FB20111DD200DC0502 /* Language */,
				057223FF20111DD200DC0502 /* Code-Generation.xcconfig */,
				0572240020111DD200DC0502 /* Address-Sanitizer.xcconfig */,
				0572240120111DD200DC0502 /* Language.xcconfig */,
				0572240220111DD200DC0502 /* Warnings.xcconfig */,
				0572240320111DD200DC0502 /* Undefined-Behavior-Sanitizer.xcconfig */,
				0572240420111DD200DC0502 /* Warning-Policies.xcconfig */,
				0572240520111DD200DC0502 /* Warnings */,
				0572240A20111DD200DC0502 /* Preprocessing.xcconfig */,
			);
			path = "Apple-LLVM";
			sourceTree = "<group>";
		};
		057223FB20111DD200DC0502 /* Language */ = {
			isa = PBXGroup;
			children = (
				057223FC20111DD200DC0502 /* Modules.xcconfig */,
				057223FD20111DD200DC0502 /* Objective-C.xcconfig */,
				057223FE20111DD200DC0502 /* C++.xcconfig */,
			);
			path = Language;
			sourceTree = "<group>";
		};
		0572240520111DD200DC0502 /* Warnings */ = {
			isa = PBXGroup;
			children = (
				0572240620111DD200DC0502 /* Objective-C-ARC.xcconfig */,
				0572240720111DD200DC0502 /* Objective-C.xcconfig */,
				0572240820111DD200DC0502 /* C++.xcconfig */,
				0572240920111DD200DC0502 /* All-Languages.xcconfig */,
			);
			path = Warnings;
			sourceTree = "<group>";
		};
		0572240C20111DD200DC0502 /* Scripts */ = {
			isa = PBXGroup;
			children = (
				0572240D20111DD200DC0502 /* ccache-config.sh */,
				0572240E20111DD200DC0502 /* ccache.sh */,
			);
			path = Scripts;
			sourceTree = "<group>";
		};
		05A602101B56EF4000C71A24 = {
			isa = PBXGroup;
			children = (
				0536385521AFF87B0015CFA9 /* XSTest.xcodeproj */,
				05287BE81EF9B470003A79D5 /* README.md */,
				057223DD20111DD200DC0502 /* xcconfig */,
				05A602201B56EF9D00C71A24 /* dlib */,
				052DE7C9206AB79800936046 /* Unit-Tests */,
				05A6021A1B56EF4000C71A24 /* Products */,
				052DE7D5206AB83F00936046 /* Frameworks */,
			);
			sourceTree = "<group>";
		};
		05A6021A1B56EF4000C71A24 /* Products */ = {
			isa = PBXGroup;
			children = (
				05A602191B56EF4000C71A24 /* libdlib.a */,
				052DE7C8206AB79800936046 /* Unit-Tests.xctest */,
			);
			name = Products;
			sourceTree = "<group>";
		};
		05A602201B56EF9D00C71A24 /* dlib */ = {
			isa = PBXGroup;
			children = (
				05A602211B56EF9D00C71A24 /* include */,
				05A602281B56EF9D00C71A24 /* source */,
			);
			path = dlib;
			sourceTree = "<group>";
		};
		05A602211B56EF9D00C71A24 /* include */ = {
			isa = PBXGroup;
			children = (
				05A602231B56EF9D00C71A24 /* dlib-macros.hpp */,
				05A602241B56EF9D00C71A24 /* dlib-private-macros.hpp */,
				05A602271B56EF9D00C71A24 /* dlib.hpp */,
				0564BCD41EF99E0900195C67 /* dlib-Manager.hpp */,
				0564BCD31EF99E0900195C67 /* dlib-Module.hpp */,
			);
			path = include;
			sourceTree = "<group>";
		};
		05A602281B56EF9D00C71A24 /* source */ = {
			isa = PBXGroup;
			children = (
				0564BCD51EF99FE400195C67 /* dlib-Manager.cpp */,
				0564BCD61EF99FE400195C67 /* dlib-Module.cpp */,
			);
			path = source;
			sourceTree = "<group>";
		};
/* End PBXGroup section */

/* Begin PBXHeadersBuildPhase section */
		05A602171B56EF4000C71A24 /* Headers */ = {
			isa = PBXHeadersBuildPhase;
			buildActionMask = 2147483647;
			files = (
			);
			runOnlyForDeploymentPostprocessing = 0;
		};
/* End PBXHeadersBuildPhase section */

/* Begin PBXNativeTarget section */
		052DE7C7206AB79700936046 /* Unit-Tests */ = {
			isa = PBXNativeTarget;
			buildConfigurationList = 052DE7D0206AB79800936046 /* Build configuration list for PBXNativeTarget "Unit-Tests" */;
			buildPhases = (
				052DE7C4206AB79700936046 /* Sources */,
				052DE7C5206AB79700936046 /* Frameworks */,
				052DE7C6206AB79700936046 /* Resources */,
			);
			buildRules = (
			);
			dependencies = (
				0536385D21AFF88A0015CFA9 /* PBXTargetDependency */,
				052DE7CF206AB79800936046 /* PBXTargetDependency */,
			);
			name = "Unit-Tests";
			productName = "Unit-Tests";
			productReference = 052DE7C8206AB79800936046 /* Unit-Tests.xctest */;
			productType = "com.apple.product-type.bundle.unit-test";
		};
		05A602181B56EF4000C71A24 /* dlib */ = {
			isa = PBXNativeTarget;
			buildConfigurationList = 05A6021D1B56EF4000C71A24 /* Build configuration list for PBXNativeTarget "dlib" */;
			buildPhases = (
				05A602151B56EF4000C71A24 /* Sources */,
				05A602161B56EF4000C71A24 /* Frameworks */,
				05A602171B56EF4000C71A24 /* Headers */,
			);
			buildRules = (
			);
			dependencies = (
			);
			name = dlib;
			productName = dlib;
			productReference = 05A602191B56EF4000C71A24 /* libdlib.a */;
			productType = "com.apple.product-type.library.static";
		};
/* End PBXNativeTarget section */

/* Begin PBXProject section */
		05A602111B56EF4000C71A24 /* Project object */ = {
			isa = PBXProject;
			attributes = {
				LastUpgradeCheck = 0900;
				ORGANIZATIONNAME = "XS-Labs";
				TargetAttributes = {
					052DE7C7206AB79700936046 = {
						CreatedOnToolsVersion = 9.2;
						DevelopmentTeam = 326Y53CJMD;
						ProvisioningStyle = Automatic;
					};
					05A602181B56EF4000C71A24 = {
						CreatedOnToolsVersion = 7.0;
						DevelopmentTeam = 326Y53CJMD;
						ProvisioningStyle = Automatic;
					};
				};
			};
			buildConfigurationList = 05A602141B56EF4000C71A24 /* Build configuration list for PBXProject "dlib" */;
			compatibilityVersion = "Xcode 3.2";
			developmentRegion = English;
			hasScannedForEncodings = 0;
			knownRegions = (
				en,
			);
			mainGroup = 05A602101B56EF4000C71A24;
			productRefGroup = 05A6021A1B56EF4000C71A24 /* Products */;
			projectDirPath = "";
			projectReferences = (
				{
					ProductGroup = 0536385621AFF87B0015CFA9 /* Products */;
					ProjectRef = 0536385521AFF87B0015CFA9 /* XSTest.xcodeproj */;
				},
			);
			projectRoot = "";
			targets = (
				05A602181B56EF4000C71A24 /* dlib */,
				052DE7C7206AB79700936046 /* Unit-Tests */,
			);
		};
/* End PBXProject section */

/* Begin PBXReferenceProxy section */
		0536385A21AFF87B0015CFA9 /* XSTest.framework */ = {
			isa = PBXReferenceProxy;
			fileType = wrapper.framework;
			path = XSTest.framework;
			remoteRef = 0536385921AFF87B0015CFA9 /* PBXContainerItemProxy */;
			sourceTree = BUILT_PRODUCTS_DIR;
		};
/* End PBXReferenceProxy section */

/* Begin PBXResourcesBuildPhase section */
		052DE7C6206AB79700936046 /* Resources */ = {
			isa = PBXResourcesBuildPhase;
			buildActionMask = 2147483647;
			files = (
			);
			runOnlyForDeploymentPostprocessing = 0;
		};
/* End PBXResourcesBuildPhase section */

/* Begin PBXSourcesBuildPhase section */
		052DE7C4206AB79700936046 /* Sources */ = {
			isa = PBXSourcesBuildPhase;
			buildActionMask = 2147483647;
			files = (
				052DE7D4206AB7C000936046 /* Tests.cpp in Sources */,
			);
			runOnlyForDeploymentPostprocessing = 0;
		};
		05A602151B56EF4000C71A24 /* Sources */ = {
			isa = PBXSourcesBuildPhase;
			buildActionMask = 2147483647;
			files = (
				0564BCD81EF9A0CF00195C67 /* dlib-Module.cpp in Sources */,
				0564BCD71EF9A08800195C67 /* dlib-Manager.cpp in Sources */,
			);
			runOnlyForDeploymentPostprocessing = 0;
		};
/* End PBXSourcesBuildPhase section */

/* Begin PBXTargetDependency section */
		052DE7CF206AB79800936046 /* PBXTargetDependency */ = {
			isa = PBXTargetDependency;
			target = 05A602181B56EF4000C71A24 /* dlib */;
			targetProxy = 052DE7CE206AB79800936046 /* PBXContainerItemProxy */;
		};
		0536385D21AFF88A0015CFA9 /* PBXTargetDependency */ = {
			isa = PBXTargetDependency;
			name = XSTest;
			targetProxy = 0536385C21AFF88A0015CFA9 /* PBXContainerItemProxy */;
		};
/* End PBXTargetDependency section */

/* Begin XCBuildConfiguration section */
		052DE7D1206AB79800936046 /* Debug */ = {
			isa = XCBuildConfiguration;
			buildSettings = {
				HEADER_SEARCH_PATHS = "$(SRCROOT)/dlib/include";
				INFOPLIST_FILE = "Unit-Tests/Info.plist";
				LD_RUNPATH_SEARCH_PATHS = "$(inherited) @executable_path/../Frameworks @loader_path/../Frameworks";
				PRODUCT_BUNDLE_IDENTIFIER = "com.xs-labs.Unit-Tests";
				PRODUCT_NAME = "$(TARGET_NAME)";
			};
			name = Debug;
		};
		052DE7D2206AB79800936046 /* Release */ = {
			isa = XCBuildConfiguration;
			buildSettings = {
				HEADER_SEARCH_PATHS = "$(SRCROOT)/dlib/include";
				INFOPLIST_FILE = "Unit-Tests/Info.plist";
				LD_RUNPATH_SEARCH_PATHS = "$(inherited) @executable_path/../Frameworks @loader_path/../Frameworks";
				PRODUCT_BUNDLE_IDENTIFIER = "com.xs-labs.Unit-Tests";
				PRODUCT_NAME = "$(TARGET_NAME)";
			};
			name = Release;
		};
		05A6021B1B56EF4000C71A24 /* Debug */ = {
			isa = XCBuildConfiguration;
			baseConfigurationReference = 057223E020111DD200DC0502 /* Debug - ccache.xcconfig */;
			buildSettings = {
				MACOSX_DEPLOYMENT_TARGET = 10.7;
			};
			name = Debug;
		};
		05A6021C1B56EF4000C71A24 /* Release */ = {
			isa = XCBuildConfiguration;
			baseConfigurationReference = 057223DE20111DD200DC0502 /* Release - ccache.xcconfig */;
			buildSettings = {
				MACOSX_DEPLOYMENT_TARGET = 10.7;
			};
			name = Release;
		};
		05A6021E1B56EF4000C71A24 /* Debug */ = {
			isa = XCBuildConfiguration;
			buildSettings = {
				EXECUTABLE_PREFIX = lib;
				PRODUCT_NAME = "$(TARGET_NAME)";
				SKIP_INSTALL = YES;
			};
			name = Debug;
		};
		05A6021F1B56EF4000C71A24 /* Release */ = {
			isa = XCBuildConfiguration;
			buildSettings = {
				EXECUTABLE_PREFIX = lib;
				PRODUCT_NAME = "$(TARGET_NAME)";
				SKIP_INSTALL = YES;
			};
			name = Release;
		};
/* End XCBuildConfiguration section */

/* Begin XCConfigurationList section */
		052DE7D0206AB79800936046 /* Build configuration list for PBXNativeTarget "Unit-Tests" */ = {
			isa = XCConfigurationList;
			buildConfigurations = (
				052DE7D1206AB79800936046 /* Debug */,
				052DE7D2206AB79800936046 /* Release */,
			);
			defaultConfigurationIsVisible = 0;
			defaultConfigurationName = Release;
		};
		05A602141B56EF4000C71A24 /* Build configuration list for PBXProject "dlib" */ = {
			isa = XCConfigurationList;
			buildConfigurations = (
				05A6021B1B56EF4000C71A24 /* Debug */,
				05A6021C1B56EF4000C71A24 /* Release */,
			);
			defaultConfigurationIsVisible = 0;
			defaultConfigurationName = Release;
		};
		05A6021D1B56EF4000C71A24 /* Build configuration list for PBXNativeTarget "dlib" */ = {
			isa = XCConfigurationList;
			buildConfigurations = (
				05A6021E1B56EF4000C71A24 /* Debug */,
				05A6021F1B56EF4000C71A24 /* Release */,
			);
			defaultConfigurationIsVisible = 0;
			defaultConfigurationName = Release;
		};
/* End XCConfigurationList section */
	};
	rootObject = 05A602111B56EF4000C71A24 /* Project object */;
}
