<?xml version="1.0" encoding="utf-8"?>
<Project ToolsVersion="4.0" xmlns="http://schemas.microsoft.com/developer/msbuild/2003">
  <ItemGroup>
    <Filter Include="Header Files">
      <UniqueIdentifier>{117f41f6-8cd6-4d85-8166-5cec1e6e21c7}</UniqueIdentifier>
      <Extensions>h;hpp;hxx;hm;inl;inc;xsd</Extensions>
    </Filter>
    <Filter Include="Source Files">
      <UniqueIdentifier>{d932b1d8-8a63-4702-b338-9bde0b856aad}</UniqueIdentifier>
      <Extensions>cpp;c;cc;cxx;def;odl;idl;hpj;bat;asm;asmx</Extensions>
    </Filter>
  </ItemGroup>
  <ItemGroup>
    <ClInclude Include="..\dlib\include\dlib-macros.hpp">
      <Filter>Header Files</Filter>
    </ClInclude>
    <ClInclude Include="..\dlib\include\dlib-Manager.hpp">
      <Filter>Header Files</Filter>
    </ClInclude>
    <ClInclude Include="..\dlib\include\dlib-Module.hpp">
      <Filter>Header Files</Filter>
    </ClInclude>
    <ClInclude Include="..\dlib\include\dlib-private-macros.hpp">
      <Filter>Header Files</Filter>
    </ClInclude>
    <ClInclude Include="..\dlib\include\dlib.hpp">
      <Filter>Header Files</Filter>
    </ClInclude>
  </ItemGroup>
  <ItemGroup>
    <ClCompile Include="..\dlib\source\dlib-Manager.cpp">
      <Filter>Source Files</Filter>
    </ClCompile>
    <ClCompile Include="..\dlib\source\dlib-Module.cpp">
      <Filter>Source Files</Filter>
    </ClCompile>
  </ItemGroup>
</Project>